PODS:
  - Alamofire (4.8.1)
  - Crashlytics (3.12.0):
    - Fabric (~> 1.9.0)
  - Differentiator (3.1.0)
  - Fabric (1.9.0)
  - KafkaRefresh (1.3.0):
    - KafkaRefresh/Category (= 1.3.0)
    - KafkaRefresh/Configuration (= 1.3.0)
    - KafkaRefresh/Core (= 1.3.0)
    - KafkaRefresh/Default (= 1.3.0)
    - KafkaRefresh/Style (= 1.3.0)
    - KafkaRefresh/UIKit (= 1.3.0)
  - KafkaRefresh/Category (1.3.0)
  - KafkaRefresh/Configuration (1.3.0):
    - KafkaRefresh/UIKit/FootKit
    - KafkaRefresh/UIKit/HeadKit
  - KafkaRefresh/Core (1.3.0):
    - KafkaRefresh/Category
  - KafkaRefresh/Default (1.3.0):
    - KafkaRefresh/Style
  - KafkaRefresh/Style (1.3.0)
  - KafkaRefresh/UIKit (1.3.0):
    - KafkaRefresh/UIKit/FootKit (= 1.3.0)
    - KafkaRefresh/UIKit/HeadKit (= 1.3.0)
    - KafkaRefresh/UIKit/LayerKit (= 1.3.0)
  - KafkaRefresh/UIKit/FootKit (1.3.0):
    - KafkaRefresh/Category
    - KafkaRefresh/Core
    - KafkaRefresh/Default
    - KafkaRefresh/Style
    - KafkaRefresh/UIKit/LayerKit
  - KafkaRefresh/UIKit/HeadKit (1.3.0):
    - KafkaRefresh/Category
    - KafkaRefresh/Core
    - KafkaRefresh/Default
    - KafkaRefresh/Style
    - KafkaRefresh/UIKit/LayerKit
  - KafkaRefresh/UIKit/LayerKit (1.3.0):
    - KafkaRefresh/Category
    - KafkaRefresh/Default
  - Nuke (7.5.2)
  - Realm (3.13.1):
    - Realm/Headers (= 3.13.1)
  - Realm/Headers (3.13.1)
  - RealmSwift (3.13.1):
    - Realm (= 3.13.1)
  - RxAlamofire (4.3.0):
    - RxAlamofire/Core (= 4.3.0)
  - RxAlamofire/Core (4.3.0):
    - Alamofire (~> 4.5)
    - RxSwift (~> 4)
  - RxAtomic (4.4.1)
  - RxCocoa (4.4.1):
    - RxSwift (~> 4.0)
  - RxDataSources (3.1.0):
    - Differentiator (~> 3.0)
    - RxCocoa (~> 4.0)
    - RxSwift (~> 4.0)
  - RxRealm (0.7.6):
    - RealmSwift (~> 3.0)
    - RxSwift (~> 4.0)
  - RxSwift (4.4.1):
    - RxAtomic (~> 4.4)
  - Sentry (4.1.0):
    - Sentry/Core (= 4.1.0)
  - Sentry/Core (4.1.0)

DEPENDENCIES:
  - Crashlytics
  - Fabric
  - KafkaRefresh
  - Nuke
  - RxAlamofire
  - RxCocoa
  - RxDataSources
  - RxRealm
  - Sentry (from `https://github.com/getsentry/sentry-cocoa.git`, tag `4.1.0`)

SPEC REPOS:
  https://github.com/cocoapods/specs.git:
    - Alamofire
    - Crashlytics
    - Differentiator
    - Fabric
    - KafkaRefresh
    - Nuke
    - Realm
    - RealmSwift
    - RxAlamofire
    - RxAtomic
    - RxCocoa
    - RxDataSources
    - RxRealm
    - RxSwift

EXTERNAL SOURCES:
  Sentry:
    :git: https://github.com/getsentry/sentry-cocoa.git
    :tag: 4.1.0

CHECKOUT OPTIONS:
  Sentry:
    :git: https://github.com/getsentry/sentry-cocoa.git
    :tag: 4.1.0

SPEC CHECKSUMS:
  Alamofire: 16ce2c353fb72865124ddae8a57c5942388f4f11
  Crashlytics: 07fb167b1694128c1c9a5a5cc319b0e9c3ca0933
  Differentiator: be49ca3408f0ecfc761e4c7763d20c62be01b9ad
  Fabric: f988e33c97f08930a413e08123064d2e5f68d655
  KafkaRefresh: 49c022888ee6444461f8c9599567e2b7dbc23f4d
  Nuke: 0350d346a688426e8f2331253ef28dc2fc4f6178
  Realm: 50071da38fe079e0735e47c9f2eae738c68c5996
  RealmSwift: 8a1e6a02b7a08cd17a31e3115143fb69fe5f3fb9
  RxAlamofire: 09624d0f2d48ed8b686e4eb4cf68e28cbd2df556
  RxAtomic: f8d6adc1ccb87a767811269e4875887bc74dbf19
  RxCocoa: 2f35a76bf8887872e28a1914112395b11b8e0e64
  RxDataSources: a843bad90c29817f5923ec8163f4af2de084ceb3
  RxRealm: 5379eddd74f8d617ca7681d1f8d144af25b432b0
  RxSwift: 92fcf68dfef21f3e2ab1965363d9e7b3d787597e
  Sentry: 44b85e768f435ede4d12ea279af588ff275c3939

PODFILE CHECKSUM: da819c05ee30d82e219b0e1c0b9c558408ea72c3

COCOAPODS: 1.6.0
